{
  "version": 4,
  "terraform_version": "1.3.9",
  "serial": 9,
  "lineage": "2fbf1ae7-a8dc-efc8-0258-33d1858c4c4d",
  "outputs": {
    "vm_name": {
      "value": {
        "linux": "TEST-TF-JLES-LINUX-VM"
      },
      "type": [
        "object",
        {
          "linux": "string"
        }
      ]
    }
  },
  "resources": [
    {
      "mode": "managed",
      "type": "azurerm_linux_virtual_machine",
      "name": "LINUX-VM-TEST-TF-JLES",
      "provider": "provider[\"registry.terraform.io/hashicorp/azurerm\"]",
      "instances": [
        {
          "schema_version": 0,
          "attributes": {
            "additional_capabilities": [],
            "admin_password": "Bisounours4life!",
            "admin_ssh_key": [],
            "admin_username": "adminuser",
            "allow_extension_operations": true,
            "availability_set_id": "",
            "boot_diagnostics": [],
            "computer_name": "TEST-TF-JLES-VM-HOSTNAME",
            "custom_data": null,
            "dedicated_host_group_id": "",
            "dedicated_host_id": "",
            "disable_password_authentication": false,
            "edge_zone": "",
            "encryption_at_host_enabled": false,
            "eviction_policy": "",
            "extensions_time_budget": "PT1H30M",
            "id": "/subscriptions/a177ac1b-f0e1-45e5-a6c4-80266ff85e1d/resourceGroups/TEST-TF-JLES-RG/providers/Microsoft.Compute/virtualMachines/TEST-TF-JLES-LINUX-VM",
            "identity": [],
            "license_type": "",
            "location": "westeurope",
            "max_bid_price": -1,
            "name": "TEST-TF-JLES-LINUX-VM",
            "network_interface_ids": [
              "/subscriptions/a177ac1b-f0e1-45e5-a6c4-80266ff85e1d/resourceGroups/TEST-TF-JLES-RG/providers/Microsoft.Network/networkInterfaces/TEST-TF-JLES-NIC"
            ],
            "os_disk": [
              {
                "caching": "ReadWrite",
                "diff_disk_settings": [],
                "disk_encryption_set_id": "",
                "disk_size_gb": 30,
                "name": "TEST-TF-JLES-OS-DISK",
                "storage_account_type": "Standard_LRS",
                "write_accelerator_enabled": false
              }
            ],
            "patch_mode": "ImageDefault",
            "plan": [],
            "platform_fault_domain": -1,
            "priority": "Regular",
            "private_ip_address": "10.0.2.4",
            "private_ip_addresses": [
              "10.0.2.4"
            ],
            "provision_vm_agent": true,
            "proximity_placement_group_id": "",
            "public_ip_address": "",
            "public_ip_addresses": [],
            "resource_group_name": "TEST-TF-JLES-RG",
            "secret": [],
            "secure_boot_enabled": false,
            "size": "Standard_DS1_v2",
            "source_image_id": "",
            "source_image_reference": [
              {
                "offer": "UbuntuServer",
                "publisher": "Canonical",
                "sku": "16.04-LTS",
                "version": "latest"
              }
            ],
            "tags": {
              "environment": "TEST",
              "use_for": "VM"
            },
            "termination_notification": [],
            "timeouts": null,
            "user_data": "",
            "virtual_machine_id": "6b438037-5158-408d-96d5-244dc7749615",
            "virtual_machine_scale_set_id": "",
            "vtpm_enabled": false,
            "zone": ""
          },
          "sensitive_attributes": [],
          "private": "eyJlMmJmYjczMC1lY2FhLTExZTYtOGY4OC0zNDM2M2JjN2M0YzAiOnsiY3JlYXRlIjoyNzAwMDAwMDAwMDAwLCJkZWxldGUiOjI3MDAwMDAwMDAwMDAsInJlYWQiOjMwMDAwMDAwMDAwMCwidXBkYXRlIjoyNzAwMDAwMDAwMDAwfX0=",
          "dependencies": [
            "azurerm_network_interface.NIC-TEST-TF-JLES",
            "azurerm_resource_group.RG-TEST-TF-JLES",
            "azurerm_subnet.SUBNET-TEST-TF-JLES",
            "azurerm_virtual_network.VNET-TEST-TF-JLES"
          ]
        }
      ]
    },
    {
      "mode": "managed",
      "type": "azurerm_network_interface",
      "name": "NIC-TEST-TF-JLES",
      "provider": "provider[\"registry.terraform.io/hashicorp/azurerm\"]",
      "instances": [
        {
          "schema_version": 0,
          "attributes": {
            "applied_dns_servers": [],
            "dns_servers": [],
            "edge_zone": "",
            "enable_accelerated_networking": false,
            "enable_ip_forwarding": false,
            "id": "/subscriptions/a177ac1b-f0e1-45e5-a6c4-80266ff85e1d/resourceGroups/TEST-TF-JLES-RG/providers/Microsoft.Network/networkInterfaces/TEST-TF-JLES-NIC",
            "internal_dns_name_label": "",
            "internal_domain_name_suffix": "smtkzgkhjgbutnfgsvwwsvz52d.ax.internal.cloudapp.net",
            "ip_configuration": [
              {
                "gateway_load_balancer_frontend_ip_configuration_id": "",
                "name": "internal",
                "primary": true,
                "private_ip_address": "10.0.2.4",
                "private_ip_address_allocation": "Dynamic",
                "private_ip_address_version": "IPv4",
                "public_ip_address_id": "",
                "subnet_id": "/subscriptions/a177ac1b-f0e1-45e5-a6c4-80266ff85e1d/resourceGroups/TEST-TF-JLES-RG/providers/Microsoft.Network/virtualNetworks/TEST-TF-JLES-VNET/subnets/TEST-TF-JLES-SUBNET"
              }
            ],
            "location": "westeurope",
            "mac_address": "60-45-BD-A1-53-76",
            "name": "TEST-TF-JLES-NIC",
            "private_ip_address": "10.0.2.4",
            "private_ip_addresses": [
              "10.0.2.4"
            ],
            "resource_group_name": "TEST-TF-JLES-RG",
            "tags": {
              "environment": "TEST",
              "use_for": "VM"
            },
            "timeouts": null,
            "virtual_machine_id": "/subscriptions/a177ac1b-f0e1-45e5-a6c4-80266ff85e1d/resourceGroups/TEST-TF-JLES-RG/providers/Microsoft.Compute/virtualMachines/TEST-TF-JLES-LINUX-VM"
          },
          "sensitive_attributes": [],
          "private": "eyJlMmJmYjczMC1lY2FhLTExZTYtOGY4OC0zNDM2M2JjN2M0YzAiOnsiY3JlYXRlIjoxODAwMDAwMDAwMDAwLCJkZWxldGUiOjE4MDAwMDAwMDAwMDAsInJlYWQiOjMwMDAwMDAwMDAwMCwidXBkYXRlIjoxODAwMDAwMDAwMDAwfX0=",
          "dependencies": [
            "azurerm_resource_group.RG-TEST-TF-JLES",
            "azurerm_subnet.SUBNET-TEST-TF-JLES",
            "azurerm_virtual_network.VNET-TEST-TF-JLES"
          ]
        }
      ]
    },
    {
      "mode": "managed",
      "type": "azurerm_resource_group",
      "name": "RG-TEST-TF-JLES",
      "provider": "provider[\"registry.terraform.io/hashicorp/azurerm\"]",
      "instances": [
        {
          "schema_version": 0,
          "attributes": {
            "id": "/subscriptions/a177ac1b-f0e1-45e5-a6c4-80266ff85e1d/resourceGroups/TEST-TF-JLES-RG",
            "location": "westeurope",
            "name": "TEST-TF-JLES-RG",
            "tags": {
              "environment": "TEST"
            },
            "timeouts": null
          },
          "sensitive_attributes": [],
          "private": "eyJlMmJmYjczMC1lY2FhLTExZTYtOGY4OC0zNDM2M2JjN2M0YzAiOnsiY3JlYXRlIjo1NDAwMDAwMDAwMDAwLCJkZWxldGUiOjU0MDAwMDAwMDAwMDAsInJlYWQiOjMwMDAwMDAwMDAwMCwidXBkYXRlIjo1NDAwMDAwMDAwMDAwfX0="
        }
      ]
    },
    {
      "mode": "managed",
      "type": "azurerm_storage_account",
      "name": "SA-TEST-TF-JLES",
      "provider": "provider[\"registry.terraform.io/hashicorp/azurerm\"]",
      "instances": [
        {
          "schema_version": 3,
          "attributes": {
            "access_tier": "Hot",
            "account_kind": "StorageV2",
            "account_replication_type": "LRS",
            "account_tier": "Standard",
            "allow_nested_items_to_be_public": true,
            "azure_files_authentication": [],
            "blob_properties": [
              {
                "change_feed_enabled": false,
                "container_delete_retention_policy": [],
                "cors_rule": [],
                "default_service_version": "",
                "delete_retention_policy": [],
                "last_access_time_enabled": false,
                "versioning_enabled": false
              }
            ],
            "custom_domain": [],
            "customer_managed_key": [],
            "edge_zone": "",
            "enable_https_traffic_only": true,
            "id": "/subscriptions/a177ac1b-f0e1-45e5-a6c4-80266ff85e1d/resourceGroups/TEST-TF-JLES-RG/providers/Microsoft.Storage/storageAccounts/storagetestjles",
            "identity": [],
            "infrastructure_encryption_enabled": false,
            "is_hns_enabled": false,
            "large_file_share_enabled": null,
            "location": "westeurope",
            "min_tls_version": "TLS1_2",
            "name": "storagetestjles",
            "network_rules": [
              {
                "bypass": [
                  "AzureServices"
                ],
                "default_action": "Allow",
                "ip_rules": [],
                "private_link_access": [],
                "virtual_network_subnet_ids": []
              }
            ],
            "nfsv3_enabled": false,
            "primary_access_key": "PdTk+ich/7lFbzQjzxdFoMQ5cmldei2LLseJIWXDvt+wa6Mt3nyxjhOVpCz5JLqsIQ36C/QxKq4a+AStlH5GjA==",
            "primary_blob_connection_string": "DefaultEndpointsProtocol=https;BlobEndpoint=https://storagetestjles.blob.core.windows.net/;AccountName=storagetestjles;AccountKey=PdTk+ich/7lFbzQjzxdFoMQ5cmldei2LLseJIWXDvt+wa6Mt3nyxjhOVpCz5JLqsIQ36C/QxKq4a+AStlH5GjA==",
            "primary_blob_endpoint": "https://storagetestjles.blob.core.windows.net/",
            "primary_blob_host": "storagetestjles.blob.core.windows.net",
            "primary_connection_string": "DefaultEndpointsProtocol=https;AccountName=storagetestjles;AccountKey=PdTk+ich/7lFbzQjzxdFoMQ5cmldei2LLseJIWXDvt+wa6Mt3nyxjhOVpCz5JLqsIQ36C/QxKq4a+AStlH5GjA==;EndpointSuffix=core.windows.net",
            "primary_dfs_endpoint": "https://storagetestjles.dfs.core.windows.net/",
            "primary_dfs_host": "storagetestjles.dfs.core.windows.net",
            "primary_file_endpoint": "https://storagetestjles.file.core.windows.net/",
            "primary_file_host": "storagetestjles.file.core.windows.net",
            "primary_location": "westeurope",
            "primary_queue_endpoint": "https://storagetestjles.queue.core.windows.net/",
            "primary_queue_host": "storagetestjles.queue.core.windows.net",
            "primary_table_endpoint": "https://storagetestjles.table.core.windows.net/",
            "primary_table_host": "storagetestjles.table.core.windows.net",
            "primary_web_endpoint": "https://storagetestjles.z6.web.core.windows.net/",
            "primary_web_host": "storagetestjles.z6.web.core.windows.net",
            "queue_encryption_key_type": "Service",
            "queue_properties": [
              {
                "cors_rule": [],
                "hour_metrics": [
                  {
                    "enabled": true,
                    "include_apis": true,
                    "retention_policy_days": 7,
                    "version": "1.0"
                  }
                ],
                "logging": [
                  {
                    "delete": false,
                    "read": false,
                    "retention_policy_days": 0,
                    "version": "1.0",
                    "write": false
                  }
                ],
                "minute_metrics": [
                  {
                    "enabled": false,
                    "include_apis": false,
                    "retention_policy_days": 0,
                    "version": "1.0"
                  }
                ]
              }
            ],
            "resource_group_name": "TEST-TF-JLES-RG",
            "routing": [],
            "secondary_access_key": "P3Y7N6A3cfuRKQsjlmyvli7x0xAKexQVFKieSU5z0LcWs/jaLtBUHlOm/Zq/09KRbydzEUEJxAr0+ASt8i896A==",
            "secondary_blob_connection_string": "",
            "secondary_blob_endpoint": null,
            "secondary_blob_host": null,
            "secondary_connection_string": "DefaultEndpointsProtocol=https;AccountName=storagetestjles;AccountKey=P3Y7N6A3cfuRKQsjlmyvli7x0xAKexQVFKieSU5z0LcWs/jaLtBUHlOm/Zq/09KRbydzEUEJxAr0+ASt8i896A==;EndpointSuffix=core.windows.net",
            "secondary_dfs_endpoint": null,
            "secondary_dfs_host": null,
            "secondary_file_endpoint": null,
            "secondary_file_host": null,
            "secondary_location": "",
            "secondary_queue_endpoint": null,
            "secondary_queue_host": null,
            "secondary_table_endpoint": null,
            "secondary_table_host": null,
            "secondary_web_endpoint": null,
            "secondary_web_host": null,
            "share_properties": [
              {
                "cors_rule": [],
                "retention_policy": [
                  {
                    "days": 7
                  }
                ],
                "smb": []
              }
            ],
            "shared_access_key_enabled": true,
            "static_website": [],
            "table_encryption_key_type": "Service",
            "tags": {
              "environment": "TEST"
            },
            "timeouts": null
          },
          "sensitive_attributes": [],
          "private": "eyJlMmJmYjczMC1lY2FhLTExZTYtOGY4OC0zNDM2M2JjN2M0YzAiOnsiY3JlYXRlIjozNjAwMDAwMDAwMDAwLCJkZWxldGUiOjM2MDAwMDAwMDAwMDAsInJlYWQiOjMwMDAwMDAwMDAwMCwidXBkYXRlIjozNjAwMDAwMDAwMDAwfSwic2NoZW1hX3ZlcnNpb24iOiIzIn0=",
          "dependencies": [
            "azurerm_resource_group.RG-TEST-TF-JLES"
          ]
        }
      ]
    },
    {
      "mode": "managed",
      "type": "azurerm_subnet",
      "name": "SUBNET-TEST-TF-JLES",
      "provider": "provider[\"registry.terraform.io/hashicorp/azurerm\"]",
      "instances": [
        {
          "schema_version": 0,
          "attributes": {
            "address_prefixes": [
              "10.0.2.0/24"
            ],
            "delegation": [],
            "enforce_private_link_endpoint_network_policies": false,
            "enforce_private_link_service_network_policies": false,
            "id": "/subscriptions/a177ac1b-f0e1-45e5-a6c4-80266ff85e1d/resourceGroups/TEST-TF-JLES-RG/providers/Microsoft.Network/virtualNetworks/TEST-TF-JLES-VNET/subnets/TEST-TF-JLES-SUBNET",
            "name": "TEST-TF-JLES-SUBNET",
            "resource_group_name": "TEST-TF-JLES-RG",
            "service_endpoint_policy_ids": [],
            "service_endpoints": [],
            "timeouts": null,
            "virtual_network_name": "TEST-TF-JLES-VNET"
          },
          "sensitive_attributes": [],
          "private": "eyJlMmJmYjczMC1lY2FhLTExZTYtOGY4OC0zNDM2M2JjN2M0YzAiOnsiY3JlYXRlIjoxODAwMDAwMDAwMDAwLCJkZWxldGUiOjE4MDAwMDAwMDAwMDAsInJlYWQiOjMwMDAwMDAwMDAwMCwidXBkYXRlIjoxODAwMDAwMDAwMDAwfX0=",
          "dependencies": [
            "azurerm_resource_group.RG-TEST-TF-JLES",
            "azurerm_virtual_network.VNET-TEST-TF-JLES"
          ]
        }
      ]
    },
    {
      "mode": "managed",
      "type": "azurerm_virtual_network",
      "name": "VNET-TEST-TF-JLES",
      "provider": "provider[\"registry.terraform.io/hashicorp/azurerm\"]",
      "instances": [
        {
          "schema_version": 0,
          "attributes": {
            "address_space": [
              "10.0.0.0/16"
            ],
            "bgp_community": "",
            "ddos_protection_plan": [],
            "dns_servers": [],
            "edge_zone": "",
            "flow_timeout_in_minutes": 0,
            "guid": "99ac2693-4947-4983-b4a6-956d69573fe3",
            "id": "/subscriptions/a177ac1b-f0e1-45e5-a6c4-80266ff85e1d/resourceGroups/TEST-TF-JLES-RG/providers/Microsoft.Network/virtualNetworks/TEST-TF-JLES-VNET",
            "location": "westeurope",
            "name": "TEST-TF-JLES-VNET",
            "resource_group_name": "TEST-TF-JLES-RG",
            "subnet": [
              {
                "address_prefix": "10.0.2.0/24",
                "id": "/subscriptions/a177ac1b-f0e1-45e5-a6c4-80266ff85e1d/resourceGroups/TEST-TF-JLES-RG/providers/Microsoft.Network/virtualNetworks/TEST-TF-JLES-VNET/subnets/TEST-TF-JLES-SUBNET",
                "name": "TEST-TF-JLES-SUBNET",
                "security_group": ""
              }
            ],
            "tags": {
              "environment": "TEST",
              "use_for": "VM"
            },
            "timeouts": null
          },
          "sensitive_attributes": [],
          "private": "eyJlMmJmYjczMC1lY2FhLTExZTYtOGY4OC0zNDM2M2JjN2M0YzAiOnsiY3JlYXRlIjoxODAwMDAwMDAwMDAwLCJkZWxldGUiOjE4MDAwMDAwMDAwMDAsInJlYWQiOjMwMDAwMDAwMDAwMCwidXBkYXRlIjoxODAwMDAwMDAwMDAwfX0=",
          "dependencies": [
            "azurerm_resource_group.RG-TEST-TF-JLES"
          ]
        }
      ]
    }
  ],
  "check_results": null
}
